
Microsoft Visual Studio Solution File, Format Version 12.00
# Visual Studio 14
VisualStudioVersion = 14.0.24720.0
MinimumVisualStudioVersion = 10.0.40219.1
Project("{FAE04EC0-301F-11D3-BF4B-00C04F79EFBC}") = "QLNhaThuoc", "QLNhaThuoc\QLNhaThuoc.csproj", "{45FC30F3-85A2-4B11-B130-6589F07F6717}"
EndProject
Project("{FAE04EC0-301F-11D3-BF4B-00C04F79EFBC}") = "UnitTest_QLNhaThuoc", "UnitTest_QLNhaThuoc\UnitTest_QLNhaThuoc.csproj", "{7E11DF55-E4A3-4BEC-ADB0-DCD274D0D9F4}"
EndProject
Global
	GlobalSection(SolutionConfigurationPlatforms) = preSolution
		Debug|Any CPU = Debug|Any CPU
		Release|Any CPU = Release|Any CPU
	EndGlobalSection
	GlobalSection(ProjectConfigurationPlatforms) = postSolution
		{45FC30F3-85A2-4B11-B130-6589F07F6717}.Debug|Any CPU.ActiveCfg = Debug|Any CPU
		{45FC30F3-85A2-4B11-B130-6589F07F6717}.Debug|Any CPU.Build.0 = Debug|Any CPU
		{45FC30F3-85A2-4B11-B130-6589F07F6717}.Release|Any CPU.ActiveCfg = Release|Any CPU
		{45FC30F3-85A2-4B11-B130-6589F07F6717}.Release|Any CPU.Build.0 = Release|Any CPU
		{7E11DF55-E4A3-4BEC-ADB0-DCD274D0D9F4}.Debug|Any CPU.ActiveCfg = Debug|Any CPU
		{7E11DF55-E4A3-4BEC-ADB0-DCD274D0D9F4}.Debug|Any CPU.Build.0 = Debug|Any CPU
		{7E11DF55-E4A3-4BEC-ADB0-DCD274D0D9F4}.Release|Any CPU.ActiveCfg = Release|Any CPU
		{7E11DF55-E4A3-4BEC-ADB0-DCD274D0D9F4}.Release|Any CPU.Build.0 = Release|Any CPU
	EndGlobalSection
	GlobalSection(SolutionProperties) = preSolution
		HideSolutionNode = FALSE
	EndGlobalSection
EndGlobal
